
Microsoft Visual Studio Solution File, Format Version 12.00
# Visual Studio Version 16
VisualStudioVersion = 16.0.30907.101
MinimumVisualStudioVersion = 10.0.40219.1
Project("{2150E333-8FDC-42A3-9474-1A3956D46DE8}") = "Domain", "Domain", "{4AAC521F-B295-4B3C-8880-1F3253A9C128}"
EndProject
Project("{2150E333-8FDC-42A3-9474-1A3956D46DE8}") = "GameCreator", "GameCreator", "{ADFBF72F-299A-4CBE-BEBC-F4B7690EEDF1}"
EndProject
Project("{FAE04EC0-301F-11D3-BF4B-00C04F79EFBC}") = "SGP.Domain", "SGP.Domain\SGP.Domain.csproj", "{2E47AF8A-A486-4168-A9B8-BDBAA5206E90}"
EndProject
Project("{FAE04EC0-301F-11D3-BF4B-00C04F79EFBC}") = "SGP.GameCreator.Webhost", "SGP.GameCreator.Webhost\SGP.GameCreator.Webhost.csproj", "{8074ABCB-4B5C-438D-97A3-B31EF8E0E8B4}"
EndProject
Global
	GlobalSection(SolutionConfigurationPlatforms) = preSolution
		Debug|Any CPU = Debug|Any CPU
		Release|Any CPU = Release|Any CPU
	EndGlobalSection
	GlobalSection(ProjectConfigurationPlatforms) = postSolution
		{2E47AF8A-A486-4168-A9B8-BDBAA5206E90}.Debug|Any CPU.ActiveCfg = Debug|Any CPU
		{2E47AF8A-A486-4168-A9B8-BDBAA5206E90}.Debug|Any CPU.Build.0 = Debug|Any CPU
		{2E47AF8A-A486-4168-A9B8-BDBAA5206E90}.Release|Any CPU.ActiveCfg = Release|Any CPU
		{2E47AF8A-A486-4168-A9B8-BDBAA5206E90}.Release|Any CPU.Build.0 = Release|Any CPU
		{8074ABCB-4B5C-438D-97A3-B31EF8E0E8B4}.Debug|Any CPU.ActiveCfg = Debug|Any CPU
		{8074ABCB-4B5C-438D-97A3-B31EF8E0E8B4}.Debug|Any CPU.Build.0 = Debug|Any CPU
		{8074ABCB-4B5C-438D-97A3-B31EF8E0E8B4}.Release|Any CPU.ActiveCfg = Release|Any CPU
		{8074ABCB-4B5C-438D-97A3-B31EF8E0E8B4}.Release|Any CPU.Build.0 = Release|Any CPU
	EndGlobalSection
	GlobalSection(SolutionProperties) = preSolution
		HideSolutionNode = FALSE
	EndGlobalSection
	GlobalSection(NestedProjects) = preSolution
		{2E47AF8A-A486-4168-A9B8-BDBAA5206E90} = {4AAC521F-B295-4B3C-8880-1F3253A9C128}
		{8074ABCB-4B5C-438D-97A3-B31EF8E0E8B4} = {ADFBF72F-299A-4CBE-BEBC-F4B7690EEDF1}
	EndGlobalSection
	GlobalSection(ExtensibilityGlobals) = postSolution
		SolutionGuid = {7B18D825-52CC-4E48-B3FF-D1B9E84ED4D4}
	EndGlobalSection
EndGlobal
